
Microsoft Visual Studio Solution File, Format Version 12.00
# Visual Studio Version 17
VisualStudioVersion = 17.0.31903.59
MinimumVisualStudioVersion = 10.0.40219.1
Project("{2150E333-8FDC-42A3-9474-1A3956D46DE8}") = "src", "src", "{5041219B-7D48-4A0D-8B8B-269BBB97D12E}"
EndProject
Project("{9A19103F-16F7-4668-BE54-9A1E7A4F7556}") = "AuctionService", "src\AuctionService\AuctionService.csproj", "{D56E0313-272D-4F6B-B02D-DA2555CE15A6}"
EndProject
Project("{9A19103F-16F7-4668-BE54-9A1E7A4F7556}") = "SearchService", "src\SearchService\SearchService.csproj", "{CAB500FE-2F76-44C9-A7DC-BA4203F70DC0}"
EndProject
Project("{FAE04EC0-301F-11D3-BF4B-00C04F79EFBC}") = "Contracts", "src\Contracts\Contracts.csproj", "{D43B38A5-C4B1-4D15-AF22-F7044F8FF48A}"
EndProject
Global
	GlobalSection(SolutionConfigurationPlatforms) = preSolution
		Debug|Any CPU = Debug|Any CPU
		Release|Any CPU = Release|Any CPU
	EndGlobalSection
	GlobalSection(ProjectConfigurationPlatforms) = postSolution
		{D56E0313-272D-4F6B-B02D-DA2555CE15A6}.Debug|Any CPU.ActiveCfg = Debug|Any CPU
		{D56E0313-272D-4F6B-B02D-DA2555CE15A6}.Debug|Any CPU.Build.0 = Debug|Any CPU
		{D56E0313-272D-4F6B-B02D-DA2555CE15A6}.Release|Any CPU.ActiveCfg = Release|Any CPU
		{D56E0313-272D-4F6B-B02D-DA2555CE15A6}.Release|Any CPU.Build.0 = Release|Any CPU
		{CAB500FE-2F76-44C9-A7DC-BA4203F70DC0}.Debug|Any CPU.ActiveCfg = Debug|Any CPU
		{CAB500FE-2F76-44C9-A7DC-BA4203F70DC0}.Debug|Any CPU.Build.0 = Debug|Any CPU
		{CAB500FE-2F76-44C9-A7DC-BA4203F70DC0}.Release|Any CPU.ActiveCfg = Release|Any CPU
		{CAB500FE-2F76-44C9-A7DC-BA4203F70DC0}.Release|Any CPU.Build.0 = Release|Any CPU
		{D43B38A5-C4B1-4D15-AF22-F7044F8FF48A}.Debug|Any CPU.ActiveCfg = Debug|Any CPU
		{D43B38A5-C4B1-4D15-AF22-F7044F8FF48A}.Debug|Any CPU.Build.0 = Debug|Any CPU
		{D43B38A5-C4B1-4D15-AF22-F7044F8FF48A}.Release|Any CPU.ActiveCfg = Release|Any CPU
		{D43B38A5-C4B1-4D15-AF22-F7044F8FF48A}.Release|Any CPU.Build.0 = Release|Any CPU
	EndGlobalSection
	GlobalSection(SolutionProperties) = preSolution
		HideSolutionNode = FALSE
	EndGlobalSection
	GlobalSection(NestedProjects) = preSolution
		{D56E0313-272D-4F6B-B02D-DA2555CE15A6} = {5041219B-7D48-4A0D-8B8B-269BBB97D12E}
		{CAB500FE-2F76-44C9-A7DC-BA4203F70DC0} = {5041219B-7D48-4A0D-8B8B-269BBB97D12E}
		{D43B38A5-C4B1-4D15-AF22-F7044F8FF48A} = {5041219B-7D48-4A0D-8B8B-269BBB97D12E}
	EndGlobalSection
	GlobalSection(ExtensibilityGlobals) = postSolution
		SolutionGuid = {B23EA835-40B9-4C09-8EAF-27671B63AB76}
	EndGlobalSection
EndGlobal
